// !$*UTF8*$!
{
	archiveVersion = 1;
	classes = {
	};
	objectVersion = 56;
	objects = {

/* Begin PBXBuildFile section */
		2104CBD4295F5BEE00CFDE1D /* FruitsModel.swift in Sources */ = {isa = PBXBuildFile; fileRef = 2104CBD3295F5BEE00CFDE1D /* FruitsModel.swift */; };
		2104CBD7295F5D0E00CFDE1D /* FruitData.swift in Sources */ = {isa = PBXBuildFile; fileRef = 2104CBD6295F5D0E00CFDE1D /* FruitData.swift */; };
		2130BBAB296489070013C139 /* FruitRowView.swift in Sources */ = {isa = PBXBuildFile; fileRef = 2130BBAA296489070013C139 /* FruitRowView.swift */; };
		2130BBAD29648FC30013C139 /* FruitDetailView.swift in Sources */ = {isa = PBXBuildFile; fileRef = 2130BBAC29648FC30013C139 /* FruitDetailView.swift */; };
		2176A2B12958AB1400FD03E4 /* FructusApp.swift in Sources */ = {isa = PBXBuildFile; fileRef = 2176A2B02958AB1400FD03E4 /* FructusApp.swift */; };
		2176A2B32958AB1400FD03E4 /* ContentView.swift in Sources */ = {isa = PBXBuildFile; fileRef = 2176A2B22958AB1400FD03E4 /* ContentView.swift */; };
		2176A2B52958AB1500FD03E4 /* Assets.xcassets in Resources */ = {isa = PBXBuildFile; fileRef = 2176A2B42958AB1500FD03E4 /* Assets.xcassets */; };
		2176A2B82958AB1500FD03E4 /* Preview Assets.xcassets in Resources */ = {isa = PBXBuildFile; fileRef = 2176A2B72958AB1500FD03E4 /* Preview Assets.xcassets */; };
		2176A2C12958B0B000FD03E4 /* FruitCardView.swift in Sources */ = {isa = PBXBuildFile; fileRef = 2176A2C02958B0B000FD03E4 /* FruitCardView.swift */; };
		2176A2C32958B93000FD03E4 /* StartButtonView.swift in Sources */ = {isa = PBXBuildFile; fileRef = 2176A2C22958B93000FD03E4 /* StartButtonView.swift */; };
		2176A2C52958BFAE00FD03E4 /* OnBoardingView.swift in Sources */ = {isa = PBXBuildFile; fileRef = 2176A2C42958BFAE00FD03E4 /* OnBoardingView.swift */; };
		217B212C29685FD000D6A258 /* FruitHeaderView.swift in Sources */ = {isa = PBXBuildFile; fileRef = 217B212B29685FD000D6A258 /* FruitHeaderView.swift */; };
		217B212E2968637300D6A258 /* SourceLinkView.swift in Sources */ = {isa = PBXBuildFile; fileRef = 217B212D2968637300D6A258 /* SourceLinkView.swift */; };
		217B21302968667C00D6A258 /* FruitNutrientsView.swift in Sources */ = {isa = PBXBuildFile; fileRef = 217B212F2968667C00D6A258 /* FruitNutrientsView.swift */; };
		217B21322968742E00D6A258 /* SettingsView.swift in Sources */ = {isa = PBXBuildFile; fileRef = 217B21312968742E00D6A258 /* SettingsView.swift */; };
		217B213429687C9100D6A258 /* SettingsLabelView.swift in Sources */ = {isa = PBXBuildFile; fileRef = 217B213329687C9100D6A258 /* SettingsLabelView.swift */; };
		217B213629687FDB00D6A258 /* SettingRowView.swift in Sources */ = {isa = PBXBuildFile; fileRef = 217B213529687FDB00D6A258 /* SettingRowView.swift */; };
/* End PBXBuildFile section */

/* Begin PBXFileReference section */
		2104CBD3295F5BEE00CFDE1D /* FruitsModel.swift */ = {isa = PBXFileReference; lastKnownFileType = sourcecode.swift; path = FruitsModel.swift; sourceTree = "<group>"; };
		2104CBD6295F5D0E00CFDE1D /* FruitData.swift */ = {isa = PBXFileReference; lastKnownFileType = sourcecode.swift; path = FruitData.swift; sourceTree = "<group>"; };
		2130BBAA296489070013C139 /* FruitRowView.swift */ = {isa = PBXFileReference; lastKnownFileType = sourcecode.swift; path = FruitRowView.swift; sourceTree = "<group>"; };
		2130BBAC29648FC30013C139 /* FruitDetailView.swift */ = {isa = PBXFileReference; lastKnownFileType = sourcecode.swift; path = FruitDetailView.swift; sourceTree = "<group>"; };
		2176A2AD2958AB1400FD03E4 /* Fructus.app */ = {isa = PBXFileReference; explicitFileType = wrapper.application; includeInIndex = 0; path = Fructus.app; sourceTree = BUILT_PRODUCTS_DIR; };
		2176A2B02958AB1400FD03E4 /* FructusApp.swift */ = {isa = PBXFileReference; lastKnownFileType = sourcecode.swift; path = FructusApp.swift; sourceTree = "<group>"; };
		2176A2B22958AB1400FD03E4 /* ContentView.swift */ = {isa = PBXFileReference; lastKnownFileType = sourcecode.swift; path = ContentView.swift; sourceTree = "<group>"; };
		2176A2B42958AB1500FD03E4 /* Assets.xcassets */ = {isa = PBXFileReference; lastKnownFileType = folder.assetcatalog; path = Assets.xcassets; sourceTree = "<group>"; };
		2176A2B72958AB1500FD03E4 /* Preview Assets.xcassets */ = {isa = PBXFileReference; lastKnownFileType = folder.assetcatalog; path = "Preview Assets.xcassets"; sourceTree = "<group>"; };
		2176A2C02958B0B000FD03E4 /* FruitCardView.swift */ = {isa = PBXFileReference; lastKnownFileType = sourcecode.swift; path = FruitCardView.swift; sourceTree = "<group>"; };
		2176A2C22958B93000FD03E4 /* StartButtonView.swift */ = {isa = PBXFileReference; lastKnownFileType = sourcecode.swift; path = StartButtonView.swift; sourceTree = "<group>"; };
		2176A2C42958BFAE00FD03E4 /* OnBoardingView.swift */ = {isa = PBXFileReference; lastKnownFileType = sourcecode.swift; path = OnBoardingView.swift; sourceTree = "<group>"; };
		217B212B29685FD000D6A258 /* FruitHeaderView.swift */ = {isa = PBXFileReference; lastKnownFileType = sourcecode.swift; path = FruitHeaderView.swift; sourceTree = "<group>"; };
		217B212D2968637300D6A258 /* SourceLinkView.swift */ = {isa = PBXFileReference; lastKnownFileType = sourcecode.swift; path = SourceLinkView.swift; sourceTree = "<group>"; };
		217B212F2968667C00D6A258 /* FruitNutrientsView.swift */ = {isa = PBXFileReference; lastKnownFileType = sourcecode.swift; path = FruitNutrientsView.swift; sourceTree = "<group>"; };
		217B21312968742E00D6A258 /* SettingsView.swift */ = {isa = PBXFileReference; lastKnownFileType = sourcecode.swift; path = SettingsView.swift; sourceTree = "<group>"; };
		217B213329687C9100D6A258 /* SettingsLabelView.swift */ = {isa = PBXFileReference; lastKnownFileType = sourcecode.swift; path = SettingsLabelView.swift; sourceTree = "<group>"; };
		217B213529687FDB00D6A258 /* SettingRowView.swift */ = {isa = PBXFileReference; lastKnownFileType = sourcecode.swift; path = SettingRowView.swift; sourceTree = "<group>"; };
/* End PBXFileReference section */

/* Begin PBXFrameworksBuildPhase section */
		2176A2AA2958AB1400FD03E4 /* Frameworks */ = {
			isa = PBXFrameworksBuildPhase;
			buildActionMask = 2147483647;
			files = (
			);
			runOnlyForDeploymentPostprocessing = 0;
		};
/* End PBXFrameworksBuildPhase section */

/* Begin PBXGroup section */
		2104CBD2295F5BD700CFDE1D /* Model */ = {
			isa = PBXGroup;
			children = (
				2104CBD3295F5BEE00CFDE1D /* FruitsModel.swift */,
			);
			path = Model;
			sourceTree = "<group>";
		};
		2104CBD5295F5CF600CFDE1D /* Data */ = {
			isa = PBXGroup;
			children = (
				2104CBD6295F5D0E00CFDE1D /* FruitData.swift */,
			);
			path = Data;
			sourceTree = "<group>";
		};
		2176A2A42958AB1400FD03E4 = {
			isa = PBXGroup;
			children = (
				2176A2AF2958AB1400FD03E4 /* Fructus */,
				2176A2AE2958AB1400FD03E4 /* Products */,
			);
			sourceTree = "<group>";
		};
		2176A2AE2958AB1400FD03E4 /* Products */ = {
			isa = PBXGroup;
			children = (
				2176A2AD2958AB1400FD03E4 /* Fructus.app */,
			);
			name = Products;
			sourceTree = "<group>";
		};
		2176A2AF2958AB1400FD03E4 /* Fructus */ = {
			isa = PBXGroup;
			children = (
				2104CBD5295F5CF600CFDE1D /* Data */,
				2104CBD2295F5BD700CFDE1D /* Model */,
				2176A2BF2958B08700FD03E4 /* View */,
				2176A2BE2958B07000FD03E4 /* App */,
				2176A2B42958AB1500FD03E4 /* Assets.xcassets */,
				2176A2B62958AB1500FD03E4 /* Preview Content */,
			);
			path = Fructus;
			sourceTree = "<group>";
		};
		2176A2B62958AB1500FD03E4 /* Preview Content */ = {
			isa = PBXGroup;
			children = (
				2176A2B72958AB1500FD03E4 /* Preview Assets.xcassets */,
			);
			path = "Preview Content";
			sourceTree = "<group>";
		};
		2176A2BE2958B07000FD03E4 /* App */ = {
			isa = PBXGroup;
			children = (
				2176A2B02958AB1400FD03E4 /* FructusApp.swift */,
				2176A2B22958AB1400FD03E4 /* ContentView.swift */,
				2176A2C42958BFAE00FD03E4 /* OnBoardingView.swift */,
				2130BBAC29648FC30013C139 /* FruitDetailView.swift */,
				217B21312968742E00D6A258 /* SettingsView.swift */,
			);
			path = App;
			sourceTree = "<group>";
		};
		2176A2BF2958B08700FD03E4 /* View */ = {
			isa = PBXGroup;
			children = (
				2176A2C02958B0B000FD03E4 /* FruitCardView.swift */,
				2176A2C22958B93000FD03E4 /* StartButtonView.swift */,
				2130BBAA296489070013C139 /* FruitRowView.swift */,
				217B212B29685FD000D6A258 /* FruitHeaderView.swift */,
				217B212D2968637300D6A258 /* SourceLinkView.swift */,
				217B212F2968667C00D6A258 /* FruitNutrientsView.swift */,
				217B213329687C9100D6A258 /* SettingsLabelView.swift */,
				217B213529687FDB00D6A258 /* SettingRowView.swift */,
			);
			path = View;
			sourceTree = "<group>";
		};
/* End PBXGroup section */

/* Begin PBXNativeTarget section */
		2176A2AC2958AB1400FD03E4 /* Fructus */ = {
			isa = PBXNativeTarget;
			buildConfigurationList = 2176A2BB2958AB1500FD03E4 /* Build configuration list for PBXNativeTarget "Fructus" */;
			buildPhases = (
				2176A2A92958AB1400FD03E4 /* Sources */,
				2176A2AA2958AB1400FD03E4 /* Frameworks */,
				2176A2AB2958AB1400FD03E4 /* Resources */,
			);
			buildRules = (
			);
			dependencies = (
			);
			name = Fructus;
			productName = Fructus;
			productReference = 2176A2AD2958AB1400FD03E4 /* Fructus.app */;
			productType = "com.apple.product-type.application";
		};
/* End PBXNativeTarget section */

/* Begin PBXProject section */
		2176A2A52958AB1400FD03E4 /* Project object */ = {
			isa = PBXProject;
			attributes = {
				BuildIndependentTargetsInParallel = 1;
				LastSwiftUpdateCheck = 1410;
				LastUpgradeCheck = 1410;
				TargetAttributes = {
					2176A2AC2958AB1400FD03E4 = {
						CreatedOnToolsVersion = 14.1;
					};
				};
			};
			buildConfigurationList = 2176A2A82958AB1400FD03E4 /* Build configuration list for PBXProject "Fructus" */;
			compatibilityVersion = "Xcode 14.0";
			developmentRegion = en;
			hasScannedForEncodings = 0;
			knownRegions = (
				en,
				Base,
			);
			mainGroup = 2176A2A42958AB1400FD03E4;
			productRefGroup = 2176A2AE2958AB1400FD03E4 /* Products */;
			projectDirPath = "";
			projectRoot = "";
			targets = (
				2176A2AC2958AB1400FD03E4 /* Fructus */,
			);
		};
/* End PBXProject section */

/* Begin PBXResourcesBuildPhase section */
		2176A2AB2958AB1400FD03E4 /* Resources */ = {
			isa = PBXResourcesBuildPhase;
			buildActionMask = 2147483647;
			files = (
				2176A2B82958AB1500FD03E4 /* Preview Assets.xcassets in Resources */,
				2176A2B52958AB1500FD03E4 /* Assets.xcassets in Resources */,
			);
			runOnlyForDeploymentPostprocessing = 0;
		};
/* End PBXResourcesBuildPhase section */

/* Begin PBXSourcesBuildPhase section */
		2176A2A92958AB1400FD03E4 /* Sources */ = {
			isa = PBXSourcesBuildPhase;
			buildActionMask = 2147483647;
			files = (
				2104CBD7295F5D0E00CFDE1D /* FruitData.swift in Sources */,
				217B212E2968637300D6A258 /* SourceLinkView.swift in Sources */,
				2176A2C12958B0B000FD03E4 /* FruitCardView.swift in Sources */,
				2130BBAB296489070013C139 /* FruitRowView.swift in Sources */,
				217B21302968667C00D6A258 /* FruitNutrientsView.swift in Sources */,
				2176A2C32958B93000FD03E4 /* StartButtonView.swift in Sources */,
				2130BBAD29648FC30013C139 /* FruitDetailView.swift in Sources */,
				2104CBD4295F5BEE00CFDE1D /* FruitsModel.swift in Sources */,
				217B212C29685FD000D6A258 /* FruitHeaderView.swift in Sources */,
				2176A2B32958AB1400FD03E4 /* ContentView.swift in Sources */,
				217B213429687C9100D6A258 /* SettingsLabelView.swift in Sources */,
				2176A2C52958BFAE00FD03E4 /* OnBoardingView.swift in Sources */,
				2176A2B12958AB1400FD03E4 /* FructusApp.swift in Sources */,
				217B21322968742E00D6A258 /* SettingsView.swift in Sources */,
				217B213629687FDB00D6A258 /* SettingRowView.swift in Sources */,
			);
			runOnlyForDeploymentPostprocessing = 0;
		};
/* End PBXSourcesBuildPhase section */

/* Begin XCBuildConfiguration section */
		2176A2B92958AB1500FD03E4 /* Debug */ = {
			isa = XCBuildConfiguration;
			buildSettings = {
				ALWAYS_SEARCH_USER_PATHS = NO;
				CLANG_ANALYZER_NONNULL = YES;
				CLANG_ANALYZER_NUMBER_OBJECT_CONVERSION = YES_AGGRESSIVE;
				CLANG_CXX_LANGUAGE_STANDARD = "gnu++20";
				CLANG_ENABLE_MODULES = YES;
				CLANG_ENABLE_OBJC_ARC = YES;
				CLANG_ENABLE_OBJC_WEAK = YES;
				CLANG_WARN_BLOCK_CAPTURE_AUTORELEASING = YES;
				CLANG_WARN_BOOL_CONVERSION = YES;
				CLANG_WARN_COMMA = YES;
				CLANG_WARN_CONSTANT_CONVERSION = YES;
				CLANG_WARN_DEPRECATED_OBJC_IMPLEMENTATIONS = YES;
				CLANG_WARN_DIRECT_OBJC_ISA_USAGE = YES_ERROR;
				CLANG_WARN_DOCUMENTATION_COMMENTS = YES;
				CLANG_WARN_EMPTY_BODY = YES;
				CLANG_WARN_ENUM_CONVERSION = YES;
				CLANG_WARN_INFINITE_RECURSION = YES;
				CLANG_WARN_INT_CONVERSION = YES;
				CLANG_WARN_NON_LITERAL_NULL_CONVERSION = YES;
				CLANG_WARN_OBJC_IMPLICIT_RETAIN_SELF = YES;
				CLANG_WARN_OBJC_LITERAL_CONVERSION = YES;
				CLANG_WARN_OBJC_ROOT_CLASS = YES_ERROR;
				CLANG_WARN_QUOTED_INCLUDE_IN_FRAMEWORK_HEADER = YES;
				CLANG_WARN_RANGE_LOOP_ANALYSIS = YES;
				CLANG_WARN_STRICT_PROTOTYPES = YES;
				CLANG_WARN_SUSPICIOUS_MOVE = YES;
				CLANG_WARN_UNGUARDED_AVAILABILITY = YES_AGGRESSIVE;
				CLANG_WARN_UNREACHABLE_CODE = YES;
				CLANG_WARN__DUPLICATE_METHOD_MATCH = YES;
				COPY_PHASE_STRIP = NO;
				DEBUG_INFORMATION_FORMAT = dwarf;
				ENABLE_STRICT_OBJC_MSGSEND = YES;
				ENABLE_TESTABILITY = YES;
				GCC_C_LANGUAGE_STANDARD = gnu11;
				GCC_DYNAMIC_NO_PIC = NO;
				GCC_NO_COMMON_BLOCKS = YES;
				GCC_OPTIMIZATION_LEVEL = 0;
				GCC_PREPROCESSOR_DEFINITIONS = (
					"DEBUG=1",
					"$(inherited)",
				);
				GCC_WARN_64_TO_32_BIT_CONVERSION = YES;
				GCC_WARN_ABOUT_RETURN_TYPE = YES_ERROR;
				GCC_WARN_UNDECLARED_SELECTOR = YES;
				GCC_WARN_UNINITIALIZED_AUTOS = YES_AGGRESSIVE;
				GCC_WARN_UNUSED_FUNCTION = YES;
				GCC_WARN_UNUSED_VARIABLE = YES;
				IPHONEOS_DEPLOYMENT_TARGET = 16.1;
				MTL_ENABLE_DEBUG_INFO = INCLUDE_SOURCE;
				MTL_FAST_MATH = YES;
				ONLY_ACTIVE_ARCH = YES;
				SDKROOT = iphoneos;
				SWIFT_ACTIVE_COMPILATION_CONDITIONS = DEBUG;
				SWIFT_OPTIMIZATION_LEVEL = "-Onone";
			};
			name = Debug;
		};
		2176A2BA2958AB1500FD03E4 /* Release */ = {
			isa = XCBuildConfiguration;
			buildSettings = {
				ALWAYS_SEARCH_USER_PATHS = NO;
				CLANG_ANALYZER_NONNULL = YES;
				CLANG_ANALYZER_NUMBER_OBJECT_CONVERSION = YES_AGGRESSIVE;
				CLANG_CXX_LANGUAGE_STANDARD = "gnu++20";
				CLANG_ENABLE_MODULES = YES;
				CLANG_ENABLE_OBJC_ARC = YES;
				CLANG_ENABLE_OBJC_WEAK = YES;
				CLANG_WARN_BLOCK_CAPTURE_AUTORELEASING = YES;
				CLANG_WARN_BOOL_CONVERSION = YES;
				CLANG_WARN_COMMA = YES;
				CLANG_WARN_CONSTANT_CONVERSION = YES;
				CLANG_WARN_DEPRECATED_OBJC_IMPLEMENTATIONS = YES;
				CLANG_WARN_DIRECT_OBJC_ISA_USAGE = YES_ERROR;
				CLANG_WARN_DOCUMENTATION_COMMENTS = YES;
				CLANG_WARN_EMPTY_BODY = YES;
				CLANG_WARN_ENUM_CONVERSION = YES;
				CLANG_WARN_INFINITE_RECURSION = YES;
				CLANG_WARN_INT_CONVERSION = YES;
				CLANG_WARN_NON_LITERAL_NULL_CONVERSION = YES;
				CLANG_WARN_OBJC_IMPLICIT_RETAIN_SELF = YES;
				CLANG_WARN_OBJC_LITERAL_CONVERSION = YES;
				CLANG_WARN_OBJC_ROOT_CLASS = YES_ERROR;
				CLANG_WARN_QUOTED_INCLUDE_IN_FRAMEWORK_HEADER = YES;
				CLANG_WARN_RANGE_LOOP_ANALYSIS = YES;
				CLANG_WARN_STRICT_PROTOTYPES = YES;
				CLANG_WARN_SUSPICIOUS_MOVE = YES;
				CLANG_WARN_UNGUARDED_AVAILABILITY = YES_AGGRESSIVE;
				CLANG_WARN_UNREACHABLE_CODE = YES;
				CLANG_WARN__DUPLICATE_METHOD_MATCH = YES;
				COPY_PHASE_STRIP = NO;
				DEBUG_INFORMATION_FORMAT = "dwarf-with-dsym";
				ENABLE_NS_ASSERTIONS = NO;
				ENABLE_STRICT_OBJC_MSGSEND = YES;
				GCC_C_LANGUAGE_STANDARD = gnu11;
				GCC_NO_COMMON_BLOCKS = YES;
				GCC_WARN_64_TO_32_BIT_CONVERSION = YES;
				GCC_WARN_ABOUT_RETURN_TYPE = YES_ERROR;
				GCC_WARN_UNDECLARED_SELECTOR = YES;
				GCC_WARN_UNINITIALIZED_AUTOS = YES_AGGRESSIVE;
				GCC_WARN_UNUSED_FUNCTION = YES;
				GCC_WARN_UNUSED_VARIABLE = YES;
				IPHONEOS_DEPLOYMENT_TARGET = 16.1;
				MTL_ENABLE_DEBUG_INFO = NO;
				MTL_FAST_MATH = YES;
				SDKROOT = iphoneos;
				SWIFT_COMPILATION_MODE = wholemodule;
				SWIFT_OPTIMIZATION_LEVEL = "-O";
				VALIDATE_PRODUCT = YES;
			};
			name = Release;
		};
		2176A2BC2958AB1500FD03E4 /* Debug */ = {
			isa = XCBuildConfiguration;
			buildSettings = {
				ASSETCATALOG_COMPILER_APPICON_NAME = AppIcon;
				ASSETCATALOG_COMPILER_GLOBAL_ACCENT_COLOR_NAME = AccentColor;
				CODE_SIGN_STYLE = Automatic;
				CURRENT_PROJECT_VERSION = 1;
				DEVELOPMENT_ASSET_PATHS = "\"Fructus/Preview Content\"";
				ENABLE_PREVIEWS = YES;
				GENERATE_INFOPLIST_FILE = YES;
				INFOPLIST_KEY_UIApplicationSceneManifest_Generation = YES;
				INFOPLIST_KEY_UIApplicationSupportsIndirectInputEvents = YES;
				INFOPLIST_KEY_UILaunchScreen_Generation = YES;
				INFOPLIST_KEY_UISupportedInterfaceOrientations = UIInterfaceOrientationPortrait;
				LD_RUNPATH_SEARCH_PATHS = (
					"$(inherited)",
					"@executable_path/Frameworks",
				);
				MARKETING_VERSION = 1.0;
				PRODUCT_BUNDLE_IDENTIFIER = com.swifui.Fructus;
				PRODUCT_NAME = "$(TARGET_NAME)";
				SWIFT_EMIT_LOC_STRINGS = YES;
				SWIFT_VERSION = 5.0;
				TARGETED_DEVICE_FAMILY = "1,2";
			};
			name = Debug;
		};
		2176A2BD2958AB1500FD03E4 /* Release */ = {
			isa = XCBuildConfiguration;
			buildSettings = {
				ASSETCATALOG_COMPILER_APPICON_NAME = AppIcon;
				ASSETCATALOG_COMPILER_GLOBAL_ACCENT_COLOR_NAME = AccentColor;
				CODE_SIGN_STYLE = Automatic;
				CURRENT_PROJECT_VERSION = 1;
				DEVELOPMENT_ASSET_PATHS = "\"Fructus/Preview Content\"";
				ENABLE_PREVIEWS = YES;
				GENERATE_INFOPLIST_FILE = YES;
				INFOPLIST_KEY_UIApplicationSceneManifest_Generation = YES;
				INFOPLIST_KEY_UIApplicationSupportsIndirectInputEvents = YES;
				INFOPLIST_KEY_UILaunchScreen_Generation = YES;
				INFOPLIST_KEY_UISupportedInterfaceOrientations = UIInterfaceOrientationPortrait;
				LD_RUNPATH_SEARCH_PATHS = (
					"$(inherited)",
					"@executable_path/Frameworks",
				);
				MARKETING_VERSION = 1.0;
				PRODUCT_BUNDLE_IDENTIFIER = com.swifui.Fructus;
				PRODUCT_NAME = "$(TARGET_NAME)";
				SWIFT_EMIT_LOC_STRINGS = YES;
				SWIFT_VERSION = 5.0;
				TARGETED_DEVICE_FAMILY = "1,2";
			};
			name = Release;
		};
/* End XCBuildConfiguration section */

/* Begin XCConfigurationList section */
		2176A2A82958AB1400FD03E4 /* Build configuration list for PBXProject "Fructus" */ = {
			isa = XCConfigurationList;
			buildConfigurations = (
				2176A2B92958AB1500FD03E4 /* Debug */,
				2176A2BA2958AB1500FD03E4 /* Release */,
			);
			defaultConfigurationIsVisible = 0;
			defaultConfigurationName = Release;
		};
		2176A2BB2958AB1500FD03E4 /* Build configuration list for PBXNativeTarget "Fructus" */ = {
			isa = XCConfigurationList;
			buildConfigurations = (
				2176A2BC2958AB1500FD03E4 /* Debug */,
				2176A2BD2958AB1500FD03E4 /* Release */,
			);
			defaultConfigurationIsVisible = 0;
			defaultConfigurationName = Release;
		};
/* End XCConfigurationList section */
	};
	rootObject = 2176A2A52958AB1400FD03E4 /* Project object */;
}
